{
  "name": "@rxdi/starter-client-lit-html",
  "version": "0.0.387",
  "lockfileVersion": 1,
  "requires": true,
  "dependencies": {
    "@babel/polyfill": {
      "version": "7.0.0",
      "resolved": "https://registry.npmjs.org/@babel/polyfill/-/polyfill-7.0.0.tgz",
      "integrity": "sha512-dnrMRkyyr74CRelJwvgnnSUDh2ge2NCTyHVwpOdvRMHtJUyxLtMAfhBN3s64pY41zdw0kgiLPh6S20eb1NcX6Q==",
      "requires": {
        "core-js": "2.5.7",
        "regenerator-runtime": "0.11.1"
      }
    },
    "@rxdi/cache": {
      "version": "3.0.2",
      "resolved": "https://registry.npmjs.org/@rxdi/cache/-/cache-3.0.2.tgz",
      "integrity": "sha512-acDw/aTFRNEUKP34alJXG7wKDn5jqkXAAi1nJ+gTcoNVp0OzayN3NmAxx28jMXCISveeNmqK2+MxKoBpsVligw=="
    },
    "@rxdi/core": {
      "version": "0.0.386",
      "resolved": "https://registry.npmjs.org/@rxdi/core/-/core-0.0.386.tgz",
      "integrity": "sha512-uhUr/F+w/8bHEPgp9VhLKFNJqN+w1dT0ju0VufM44nxeFiwURuMAfVTf+x39PgqyPNXvhJGfmWMg55s4jxXjeQ==",
      "requires": {
        "reflect-metadata": "0.1.13",
        "rxjs": "6.5.2",
        "systemjs": "0.21.6"
      },
      "dependencies": {
        "rxjs": {
          "version": "6.5.2",
          "resolved": "https://registry.npmjs.org/rxjs/-/rxjs-6.5.2.tgz",
          "integrity": "sha512-HUb7j3kvb7p7eCUHE3FqjoDsC1xfZQ4AHFWfTKSpZ+sAhhz5X1WX0ZuUqWbzB2QhSLp3DoLUG+hMdEDKqWo2Zg==",
          "requires": {
            "tslib": "1.9.3"
          }
        }
      }
    },
    "app-root-path": {
      "version": "2.2.1",
      "resolved": "https://registry.npmjs.org/app-root-path/-/app-root-path-2.2.1.tgz",
      "integrity": "sha512-91IFKeKk7FjfmezPKkwtaRvSpnUc4gDwPAjA1YZ9Gn0q0PPeW+vbeUsZuyDwjI7+QTHhcLen2v25fi/AmhvbJA==",
      "dev": true
    },
    "aria-query": {
      "version": "3.0.0",
      "resolved": "https://registry.npmjs.org/aria-query/-/aria-query-3.0.0.tgz",
      "integrity": "sha1-ZbP8wcoRVajJrmTW7uKX8V1RM8w=",
      "dev": true,
      "requires": {
        "ast-types-flow": "0.0.7",
        "commander": "2.20.0"
      }
    },
    "ast-types-flow": {
      "version": "0.0.7",
      "resolved": "https://registry.npmjs.org/ast-types-flow/-/ast-types-flow-0.0.7.tgz",
      "integrity": "sha1-9wtzXGvKGlycItmCw+Oef+ujva0=",
      "dev": true
    },
    "axobject-query": {
      "version": "2.0.2",
      "resolved": "https://registry.npmjs.org/axobject-query/-/axobject-query-2.0.2.tgz",
      "integrity": "sha512-MCeek8ZH7hKyO1rWUbKNQBbl4l2eY0ntk7OGi+q0RlafrCnfPxC06WZA+uebCfmYp4mNU9jRBP1AhGyf8+W3ww==",
      "dev": true,
      "requires": {
        "ast-types-flow": "0.0.7"
      }
    },
    "codelyzer": {
      "version": "5.0.1",
      "resolved": "https://registry.npmjs.org/codelyzer/-/codelyzer-5.0.1.tgz",
      "integrity": "sha512-UVV76+/y1RwaxzCeGPFE3G4GFtfV42r3x8EmRd7XMNFLlLC0ewdtCqWTbvhwPQMxFZZ+OTLEOJNWfyPPn3QFWg==",
      "dev": true,
      "requires": {
        "app-root-path": "2.2.1",
        "aria-query": "3.0.0",
        "axobject-query": "2.0.2",
        "css-selector-tokenizer": "0.7.1",
        "cssauron": "1.4.0",
        "damerau-levenshtein": "1.0.5",
        "semver-dsl": "1.0.1",
        "source-map": "0.5.7",
        "sprintf-js": "1.1.2"
      }
    },
    "commander": {
      "version": "2.20.0",
      "resolved": "https://registry.npmjs.org/commander/-/commander-2.20.0.tgz",
      "integrity": "sha512-7j2y+40w61zy6YC2iRNpUe/NwhNyoXrYpHMrSunaMG64nRnaf96zO/KMQR4OyN/UnE5KLyEBnKHd4aG3rskjpQ==",
      "dev": true
    },
    "core-js": {
      "version": "2.5.7",
      "resolved": "https://registry.npmjs.org/core-js/-/core-js-2.5.7.tgz",
      "integrity": "sha512-RszJCAxg/PP6uzXVXL6BsxSXx/B05oJAQ2vkJRjyjrEcNVycaqOmNb5OTxZPE3xa5gwZduqza6L9JOCenh/Ecw=="
    },
    "css-selector-tokenizer": {
      "version": "0.7.1",
      "resolved": "https://registry.npmjs.org/css-selector-tokenizer/-/css-selector-tokenizer-0.7.1.tgz",
      "integrity": "sha512-xYL0AMZJ4gFzJQsHUKa5jiWWi2vH77WVNg7JYRyewwj6oPh4yb/y6Y9ZCw9dsj/9UauMhtuxR+ogQd//EdEVNA==",
      "dev": true,
      "requires": {
        "cssesc": "0.1.0",
        "fastparse": "1.1.2",
        "regexpu-core": "1.0.0"
      }
    },
    "cssauron": {
      "version": "1.4.0",
      "resolved": "https://registry.npmjs.org/cssauron/-/cssauron-1.4.0.tgz",
      "integrity": "sha1-pmAt/34EqDBtwNuaVR6S6LVmKtg=",
      "dev": true,
      "requires": {
        "through": "2.3.8"
      }
    },
    "cssesc": {
      "version": "0.1.0",
      "resolved": "https://registry.npmjs.org/cssesc/-/cssesc-0.1.0.tgz",
      "integrity": "sha1-yBSQPkViM3GgR3tAEJqq++6t27Q=",
      "dev": true
    },
    "damerau-levenshtein": {
      "version": "1.0.5",
      "resolved": "https://registry.npmjs.org/damerau-levenshtein/-/damerau-levenshtein-1.0.5.tgz",
      "integrity": "sha512-CBCRqFnpu715iPmw1KrdOrzRqbdFwQTwAWyyyYS42+iAgHCuXZ+/TdMgQkUENPomxEz9z1BEzuQU2Xw0kUuAgA==",
      "dev": true
    },
    "fastparse": {
      "version": "1.1.2",
      "resolved": "https://registry.npmjs.org/fastparse/-/fastparse-1.1.2.tgz",
      "integrity": "sha512-483XLLxTVIwWK3QTrMGRqUfUpoOs/0hbQrl2oz4J0pAcm3A3bu84wxTFqGqkJzewCLdME38xJLJAxBABfQT8sQ==",
      "dev": true
    },
    "jsesc": {
      "version": "0.5.0",
      "resolved": "https://registry.npmjs.org/jsesc/-/jsesc-0.5.0.tgz",
      "integrity": "sha1-597mbjXW/Bb3EP6R1c9p9w8IkR0=",
      "dev": true
    },
    "lit-html": {
      "version": "1.1.0",
      "resolved": "https://registry.npmjs.org/lit-html/-/lit-html-1.1.0.tgz",
      "integrity": "sha512-ZDJHpJi09yknMpjwPI8fuSl5sUG7+pF+eE5WciFtgyX7zebvgMDBgSLq4knXa7grxM00RkQ7PBd7UZQiruA78Q=="
    },
    "lit-rx": {
      "version": "0.0.2",
      "resolved": "https://registry.npmjs.org/lit-rx/-/lit-rx-0.0.2.tgz",
      "integrity": "sha512-k/4y03uqyZgIO9jUy/zjLsGeZ6C4XQE+RIkbiFfPbkQ2JqggO1nzDhoB1zwKLQD8NKaosC19hyyI9Pg/tXr3jA=="
    },
    "reflect-metadata": {
      "version": "0.1.13",
      "resolved": "https://registry.npmjs.org/reflect-metadata/-/reflect-metadata-0.1.13.tgz",
      "integrity": "sha512-Ts1Y/anZELhSsjMcU605fU9RE4Oi3p5ORujwbIKXfWa+0Zxs510Qrmrce5/Jowq3cHSZSJqBjypxmHarc+vEWg=="
    },
    "regenerate": {
      "version": "1.4.0",
      "resolved": "https://registry.npmjs.org/regenerate/-/regenerate-1.4.0.tgz",
      "integrity": "sha512-1G6jJVDWrt0rK99kBjvEtziZNCICAuvIPkSiUFIQxVP06RCVpq3dmDo2oi6ABpYaDYaTRr67BEhL8r1wgEZZKg==",
      "dev": true
    },
    "regenerator-runtime": {
      "version": "0.11.1",
      "resolved": "https://registry.npmjs.org/regenerator-runtime/-/regenerator-runtime-0.11.1.tgz",
      "integrity": "sha512-MguG95oij0fC3QV3URf4V2SDYGJhJnJGqvIIgdECeODCT98wSWDAJ94SSuVpYQUoTcGUIL6L4yNB7j1DFFHSBg=="
    },
    "regexpu-core": {
      "version": "1.0.0",
      "resolved": "https://registry.npmjs.org/regexpu-core/-/regexpu-core-1.0.0.tgz",
      "integrity": "sha1-hqdj9Y7k18L2sQLkdkBQ3n7ZDGs=",
      "dev": true,
      "requires": {
        "regenerate": "1.4.0",
        "regjsgen": "0.2.0",
        "regjsparser": "0.1.5"
      }
    },
    "regjsgen": {
      "version": "0.2.0",
      "resolved": "https://registry.npmjs.org/regjsgen/-/regjsgen-0.2.0.tgz",
      "integrity": "sha1-bAFq3qxVT3WCP+N6wFuS1aTtsfc=",
      "dev": true
    },
    "regjsparser": {
      "version": "0.1.5",
      "resolved": "https://registry.npmjs.org/regjsparser/-/regjsparser-0.1.5.tgz",
      "integrity": "sha1-fuj4Tcb6eS0/0K4ijSS9lJ6tIFw=",
      "dev": true,
      "requires": {
        "jsesc": "0.5.0"
      }
    },
    "rxjs": {
      "version": "6.3.3",
      "resolved": "https://registry.npmjs.org/rxjs/-/rxjs-6.3.3.tgz",
      "integrity": "sha512-JTWmoY9tWCs7zvIk/CvRjhjGaOd+OVBM987mxFo+OW66cGpdKjZcpmc74ES1sB//7Kl/PAe8+wEakuhG4pcgOw==",
      "requires": {
        "tslib": "1.9.3"
      }
    },
    "semver": {
      "version": "5.7.0",
      "resolved": "https://registry.npmjs.org/semver/-/semver-5.7.0.tgz",
      "integrity": "sha512-Ya52jSX2u7QKghxeoFGpLwCtGlt7j0oY9DYb5apt9nPlJ42ID+ulTXESnt/qAQcoSERyZ5sl3LDIOw0nAn/5DA==",
      "dev": true
    },
    "semver-dsl": {
      "version": "1.0.1",
      "resolved": "https://registry.npmjs.org/semver-dsl/-/semver-dsl-1.0.1.tgz",
      "integrity": "sha1-02eN5VVeimH2Ke7QJTZq5fJzQKA=",
      "dev": true,
      "requires": {
        "semver": "5.7.0"
      }
    },
    "source-map": {
      "version": "0.5.7",
      "resolved": "https://registry.npmjs.org/source-map/-/source-map-0.5.7.tgz",
      "integrity": "sha1-igOdLRAh0i0eoUyA2OpGi6LvP8w=",
      "dev": true
    },
    "sprintf-js": {
      "version": "1.1.2",
      "resolved": "https://registry.npmjs.org/sprintf-js/-/sprintf-js-1.1.2.tgz",
      "integrity": "sha512-VE0SOVEHCk7Qc8ulkWw3ntAzXuqf7S2lvwQaDLRnUeIEaKNQJzV6BwmLKhOqT61aGhfUMrXeaBk+oDGCzvhcug==",
      "dev": true
    },
    "systemjs": {
      "version": "0.21.6",
      "resolved": "https://registry.npmjs.org/systemjs/-/systemjs-0.21.6.tgz",
      "integrity": "sha512-R+5S9eV9vcQgWOoS4D87joZ4xkFJHb19ZsyKY07D1+VBDE9bwYcU+KXE0r5XlDA8mFoJGyuWDbfrNoh90JsA8g=="
    },
    "through": {
      "version": "2.3.8",
      "resolved": "https://registry.npmjs.org/through/-/through-2.3.8.tgz",
      "integrity": "sha1-DdTJ/6q8NXlgsbckEV1+Doai4fU=",
      "dev": true
    },
    "tslib": {
      "version": "1.9.3",
      "resolved": "https://registry.npmjs.org/tslib/-/tslib-1.9.3.tgz",
      "integrity": "sha512-4krF8scpejhaOgqzBEcGM7yDIEfi0/8+8zDRZhNZZ2kjmHJ4hv3zCbQWxoJGz1iw5U0Jl0nma13xzHXcncMavQ=="
    },
    "typescript": {
      "version": "3.4.5",
      "resolved": "https://registry.npmjs.org/typescript/-/typescript-3.4.5.tgz",
      "integrity": "sha512-YycBxUb49UUhdNMU5aJ7z5Ej2XGmaIBL0x34vZ82fn3hGvD+bgrMrVDpatgz2f7YxUMJxMkbWxJZeAvDxVe7Vw==",
      "dev": true
    }
  }
}
